// !$*UTF8*$!
{
	archiveVersion = 1;
	classes = {
	};
	objectVersion = 50;
	objects = {

/* Begin PBXBuildFile section */
		C46F0A2C2088522800B93F50 /* AppDelegate.swift in Sources */ = {isa = PBXBuildFile; fileRef = C46F0A2B2088522800B93F50 /* AppDelegate.swift */; };
		C46F0A2E2088522800B93F50 /* ViewController.swift in Sources */ = {isa = PBXBuildFile; fileRef = C46F0A2D2088522800B93F50 /* ViewController.swift */; };
		C46F0A312088522800B93F50 /* Main.storyboard in Resources */ = {isa = PBXBuildFile; fileRef = C46F0A2F2088522800B93F50 /* Main.storyboard */; };
		C46F0A332088522900B93F50 /* Assets.xcassets in Resources */ = {isa = PBXBuildFile; fileRef = C46F0A322088522900B93F50 /* Assets.xcassets */; };
		C46F0A362088522900B93F50 /* LaunchScreen.storyboard in Resources */ = {isa = PBXBuildFile; fileRef = C46F0A342088522900B93F50 /* LaunchScreen.storyboard */; };
		C46F0A3E208852C300B93F50 /* Model.swift in Sources */ = {isa = PBXBuildFile; fileRef = C46F0A3D208852C300B93F50 /* Model.swift */; };
		C46F0A40208852F100B93F50 /* fragment.glsl in Resources */ = {isa = PBXBuildFile; fileRef = C46F0A3F208852F100B93F50 /* fragment.glsl */; };
		C46F0A422088531000B93F50 /* vertex.glsl in Resources */ = {isa = PBXBuildFile; fileRef = C46F0A412088531000B93F50 /* vertex.glsl */; };
		C46F0A442088533100B93F50 /* GameScreen.swift in Sources */ = {isa = PBXBuildFile; fileRef = C46F0A432088533100B93F50 /* GameScreen.swift */; };
		C46F0A462088534A00B93F50 /* Sprite.swift in Sources */ = {isa = PBXBuildFile; fileRef = C46F0A452088534A00B93F50 /* Sprite.swift */; };
		C46F0A482088535E00B93F50 /* WallSprite.swift in Sources */ = {isa = PBXBuildFile; fileRef = C46F0A472088535E00B93F50 /* WallSprite.swift */; };
		C46F0A4A2088537400B93F50 /* tech-background.jpg in Resources */ = {isa = PBXBuildFile; fileRef = C46F0A492088537400B93F50 /* tech-background.jpg */; };
		C46F0A4C2088537A00B93F50 /* thermostat.png in Resources */ = {isa = PBXBuildFile; fileRef = C46F0A4B2088537A00B93F50 /* thermostat.png */; };
		C46F0A552088608500B93F50 /* Hitbox.swift in Sources */ = {isa = PBXBuildFile; fileRef = C46F0A542088608500B93F50 /* Hitbox.swift */; };
/* End PBXBuildFile section */

/* Begin PBXFileReference section */
		C46F0A282088522800B93F50 /* Pinball_Maker_Final.app */ = {isa = PBXFileReference; explicitFileType = wrapper.application; includeInIndex = 0; path = Pinball_Maker_Final.app; sourceTree = BUILT_PRODUCTS_DIR; };
		C46F0A2B2088522800B93F50 /* AppDelegate.swift */ = {isa = PBXFileReference; lastKnownFileType = sourcecode.swift; path = AppDelegate.swift; sourceTree = "<group>"; };
		C46F0A2D2088522800B93F50 /* ViewController.swift */ = {isa = PBXFileReference; lastKnownFileType = sourcecode.swift; path = ViewController.swift; sourceTree = "<group>"; };
		C46F0A302088522800B93F50 /* Base */ = {isa = PBXFileReference; lastKnownFileType = file.storyboard; name = Base; path = Base.lproj/Main.storyboard; sourceTree = "<group>"; };
		C46F0A322088522900B93F50 /* Assets.xcassets */ = {isa = PBXFileReference; lastKnownFileType = folder.assetcatalog; path = Assets.xcassets; sourceTree = "<group>"; };
		C46F0A352088522900B93F50 /* Base */ = {isa = PBXFileReference; lastKnownFileType = file.storyboard; name = Base; path = Base.lproj/LaunchScreen.storyboard; sourceTree = "<group>"; };
		C46F0A372088522900B93F50 /* Info.plist */ = {isa = PBXFileReference; lastKnownFileType = text.plist.xml; path = Info.plist; sourceTree = "<group>"; };
		C46F0A3D208852C300B93F50 /* Model.swift */ = {isa = PBXFileReference; lastKnownFileType = sourcecode.swift; path = Model.swift; sourceTree = "<group>"; };
		C46F0A3F208852F100B93F50 /* fragment.glsl */ = {isa = PBXFileReference; lastKnownFileType = text; path = fragment.glsl; sourceTree = "<group>"; };
		C46F0A412088531000B93F50 /* vertex.glsl */ = {isa = PBXFileReference; lastKnownFileType = text; path = vertex.glsl; sourceTree = "<group>"; };
		C46F0A432088533100B93F50 /* GameScreen.swift */ = {isa = PBXFileReference; lastKnownFileType = sourcecode.swift; path = GameScreen.swift; sourceTree = "<group>"; };
		C46F0A452088534A00B93F50 /* Sprite.swift */ = {isa = PBXFileReference; lastKnownFileType = sourcecode.swift; path = Sprite.swift; sourceTree = "<group>"; };
		C46F0A472088535E00B93F50 /* WallSprite.swift */ = {isa = PBXFileReference; lastKnownFileType = sourcecode.swift; path = WallSprite.swift; sourceTree = "<group>"; };
		C46F0A492088537400B93F50 /* tech-background.jpg */ = {isa = PBXFileReference; lastKnownFileType = image.jpeg; path = "tech-background.jpg"; sourceTree = "<group>"; };
		C46F0A4B2088537A00B93F50 /* thermostat.png */ = {isa = PBXFileReference; lastKnownFileType = image.png; path = thermostat.png; sourceTree = "<group>"; };
		C46F0A542088608500B93F50 /* Hitbox.swift */ = {isa = PBXFileReference; lastKnownFileType = sourcecode.swift; path = Hitbox.swift; sourceTree = "<group>"; };
/* End PBXFileReference section */

/* Begin PBXFrameworksBuildPhase section */
		C46F0A252088522800B93F50 /* Frameworks */ = {
			isa = PBXFrameworksBuildPhase;
			buildActionMask = 2147483647;
			files = (
			);
			runOnlyForDeploymentPostprocessing = 0;
		};
/* End PBXFrameworksBuildPhase section */

/* Begin PBXGroup section */
		C46F0A1F2088522800B93F50 = {
			isa = PBXGroup;
			children = (
				C46F0A2A2088522800B93F50 /* Pinball_Maker_Final */,
				C46F0A292088522800B93F50 /* Products */,
			);
			sourceTree = "<group>";
		};
		C46F0A292088522800B93F50 /* Products */ = {
			isa = PBXGroup;
			children = (
				C46F0A282088522800B93F50 /* Pinball_Maker_Final.app */,
			);
			name = Products;
			sourceTree = "<group>";
		};
		C46F0A2A2088522800B93F50 /* Pinball_Maker_Final */ = {
			isa = PBXGroup;
			children = (
				C46F0A4D208854A900B93F50 /* Apple Stuff */,
				C46F0A372088522900B93F50 /* Info.plist */,
				C46F0A322088522900B93F50 /* Assets.xcassets */,
				C46F0A50208854F000B93F50 /* Resources */,
				C46F0A4E208854D000B93F50 /* Main */,
				C46F0A4F208854DA00B93F50 /* ViewController */,
				C46F0A51208854FD00B93F50 /* Model Stuff */,
				C46F0A522088550700B93F50 /* Sprite Stuff */,
				C46F0A532088551100B93F50 /* Shaders */,
			);
			path = Pinball_Maker_Final;
			sourceTree = "<group>";
		};
		C46F0A4D208854A900B93F50 /* Apple Stuff */ = {
			isa = PBXGroup;
			children = (
				C46F0A2F2088522800B93F50 /* Main.storyboard */,
				C46F0A342088522900B93F50 /* LaunchScreen.storyboard */,
			);
			path = "Apple Stuff";
			sourceTree = "<group>";
		};
		C46F0A4E208854D000B93F50 /* Main */ = {
			isa = PBXGroup;
			children = (
				C46F0A2B2088522800B93F50 /* AppDelegate.swift */,
			);
			path = Main;
			sourceTree = "<group>";
		};
		C46F0A4F208854DA00B93F50 /* ViewController */ = {
			isa = PBXGroup;
			children = (
				C46F0A2D2088522800B93F50 /* ViewController.swift */,
			);
			path = ViewController;
			sourceTree = "<group>";
		};
		C46F0A50208854F000B93F50 /* Resources */ = {
			isa = PBXGroup;
			children = (
				C46F0A492088537400B93F50 /* tech-background.jpg */,
				C46F0A4B2088537A00B93F50 /* thermostat.png */,
			);
			path = Resources;
			sourceTree = "<group>";
		};
		C46F0A51208854FD00B93F50 /* Model Stuff */ = {
			isa = PBXGroup;
			children = (
				C46F0A3D208852C300B93F50 /* Model.swift */,
				C46F0A542088608500B93F50 /* Hitbox.swift */,
			);
			path = "Model Stuff";
			sourceTree = "<group>";
		};
		C46F0A522088550700B93F50 /* Sprite Stuff */ = {
			isa = PBXGroup;
			children = (
				C46F0A432088533100B93F50 /* GameScreen.swift */,
				C46F0A452088534A00B93F50 /* Sprite.swift */,
				C46F0A472088535E00B93F50 /* WallSprite.swift */,
			);
			path = "Sprite Stuff";
			sourceTree = "<group>";
		};
		C46F0A532088551100B93F50 /* Shaders */ = {
			isa = PBXGroup;
			children = (
				C46F0A3F208852F100B93F50 /* fragment.glsl */,
				C46F0A412088531000B93F50 /* vertex.glsl */,
			);
			path = Shaders;
			sourceTree = "<group>";
		};
/* End PBXGroup section */

/* Begin PBXNativeTarget section */
		C46F0A272088522800B93F50 /* Pinball_Maker_Final */ = {
			isa = PBXNativeTarget;
			buildConfigurationList = C46F0A3A2088522900B93F50 /* Build configuration list for PBXNativeTarget "Pinball_Maker_Final" */;
			buildPhases = (
				C46F0A242088522800B93F50 /* Sources */,
				C46F0A252088522800B93F50 /* Frameworks */,
				C46F0A262088522800B93F50 /* Resources */,
			);
			buildRules = (
			);
			dependencies = (
			);
			name = Pinball_Maker_Final;
			productName = Pinball_Maker_Final;
			productReference = C46F0A282088522800B93F50 /* Pinball_Maker_Final.app */;
			productType = "com.apple.product-type.application";
		};
/* End PBXNativeTarget section */

/* Begin PBXProject section */
		C46F0A202088522800B93F50 /* Project object */ = {
			isa = PBXProject;
			attributes = {
				LastSwiftUpdateCheck = 0930;
				LastUpgradeCheck = 0930;
				ORGANIZATIONNAME = "Chasen Chamberlain";
				TargetAttributes = {
					C46F0A272088522800B93F50 = {
						CreatedOnToolsVersion = 9.3;
					};
				};
			};
			buildConfigurationList = C46F0A232088522800B93F50 /* Build configuration list for PBXProject "Pinball_Maker_Final" */;
			compatibilityVersion = "Xcode 9.3";
			developmentRegion = en;
			hasScannedForEncodings = 0;
			knownRegions = (
				en,
				Base,
			);
			mainGroup = C46F0A1F2088522800B93F50;
			productRefGroup = C46F0A292088522800B93F50 /* Products */;
			projectDirPath = "";
			projectRoot = "";
			targets = (
				C46F0A272088522800B93F50 /* Pinball_Maker_Final */,
			);
		};
/* End PBXProject section */

/* Begin PBXResourcesBuildPhase section */
		C46F0A262088522800B93F50 /* Resources */ = {
			isa = PBXResourcesBuildPhase;
			buildActionMask = 2147483647;
			files = (
				C46F0A362088522900B93F50 /* LaunchScreen.storyboard in Resources */,
				C46F0A40208852F100B93F50 /* fragment.glsl in Resources */,
				C46F0A332088522900B93F50 /* Assets.xcassets in Resources */,
				C46F0A312088522800B93F50 /* Main.storyboard in Resources */,
				C46F0A422088531000B93F50 /* vertex.glsl in Resources */,
				C46F0A4A2088537400B93F50 /* tech-background.jpg in Resources */,
				C46F0A4C2088537A00B93F50 /* thermostat.png in Resources */,
			);
			runOnlyForDeploymentPostprocessing = 0;
		};
/* End PBXResourcesBuildPhase section */

/* Begin PBXSourcesBuildPhase section */
		C46F0A242088522800B93F50 /* Sources */ = {
			isa = PBXSourcesBuildPhase;
			buildActionMask = 2147483647;
			files = (
				C46F0A462088534A00B93F50 /* Sprite.swift in Sources */,
				C46F0A3E208852C300B93F50 /* Model.swift in Sources */,
				C46F0A482088535E00B93F50 /* WallSprite.swift in Sources */,
				C46F0A552088608500B93F50 /* Hitbox.swift in Sources */,
				C46F0A442088533100B93F50 /* GameScreen.swift in Sources */,
				C46F0A2E2088522800B93F50 /* ViewController.swift in Sources */,
				C46F0A2C2088522800B93F50 /* AppDelegate.swift in Sources */,
			);
			runOnlyForDeploymentPostprocessing = 0;
		};
/* End PBXSourcesBuildPhase section */

/* Begin PBXVariantGroup section */
		C46F0A2F2088522800B93F50 /* Main.storyboard */ = {
			isa = PBXVariantGroup;
			children = (
				C46F0A302088522800B93F50 /* Base */,
			);
			name = Main.storyboard;
			sourceTree = "<group>";
		};
		C46F0A342088522900B93F50 /* LaunchScreen.storyboard */ = {
			isa = PBXVariantGroup;
			children = (
				C46F0A352088522900B93F50 /* Base */,
			);
			name = LaunchScreen.storyboard;
			sourceTree = "<group>";
		};
/* End PBXVariantGroup section */

/* Begin XCBuildConfiguration section */
		C46F0A382088522900B93F50 /* Debug */ = {
			isa = XCBuildConfiguration;
			buildSettings = {
				ALWAYS_SEARCH_USER_PATHS = NO;
				CLANG_ANALYZER_NONNULL = YES;
				CLANG_ANALYZER_NUMBER_OBJECT_CONVERSION = YES_AGGRESSIVE;
				CLANG_CXX_LANGUAGE_STANDARD = "gnu++14";
				CLANG_CXX_LIBRARY = "libc++";
				CLANG_ENABLE_MODULES = YES;
				CLANG_ENABLE_OBJC_ARC = YES;
				CLANG_ENABLE_OBJC_WEAK = YES;
				CLANG_WARN_BLOCK_CAPTURE_AUTORELEASING = YES;
				CLANG_WARN_BOOL_CONVERSION = YES;
				CLANG_WARN_COMMA = YES;
				CLANG_WARN_CONSTANT_CONVERSION = YES;
				CLANG_WARN_DEPRECATED_OBJC_IMPLEMENTATIONS = YES;
				CLANG_WARN_DIRECT_OBJC_ISA_USAGE = YES_ERROR;
				CLANG_WARN_DOCUMENTATION_COMMENTS = YES;
				CLANG_WARN_EMPTY_BODY = YES;
				CLANG_WARN_ENUM_CONVERSION = YES;
				CLANG_WARN_INFINITE_RECURSION = YES;
				CLANG_WARN_INT_CONVERSION = YES;
				CLANG_WARN_NON_LITERAL_NULL_CONVERSION = YES;
				CLANG_WARN_OBJC_IMPLICIT_RETAIN_SELF = YES;
				CLANG_WARN_OBJC_LITERAL_CONVERSION = YES;
				CLANG_WARN_OBJC_ROOT_CLASS = YES_ERROR;
				CLANG_WARN_RANGE_LOOP_ANALYSIS = YES;
				CLANG_WARN_STRICT_PROTOTYPES = YES;
				CLANG_WARN_SUSPICIOUS_MOVE = YES;
				CLANG_WARN_UNGUARDED_AVAILABILITY = YES_AGGRESSIVE;
				CLANG_WARN_UNREACHABLE_CODE = YES;
				CLANG_WARN__DUPLICATE_METHOD_MATCH = YES;
				CODE_SIGN_IDENTITY = "iPhone Developer";
				COPY_PHASE_STRIP = NO;
				DEBUG_INFORMATION_FORMAT = dwarf;
				ENABLE_STRICT_OBJC_MSGSEND = YES;
				ENABLE_TESTABILITY = YES;
				GCC_C_LANGUAGE_STANDARD = gnu11;
				GCC_DYNAMIC_NO_PIC = NO;
				GCC_NO_COMMON_BLOCKS = YES;
				GCC_OPTIMIZATION_LEVEL = 0;
				GCC_PREPROCESSOR_DEFINITIONS = (
					"DEBUG=1",
					"$(inherited)",
				);
				GCC_WARN_64_TO_32_BIT_CONVERSION = YES;
				GCC_WARN_ABOUT_RETURN_TYPE = YES_ERROR;
				GCC_WARN_UNDECLARED_SELECTOR = YES;
				GCC_WARN_UNINITIALIZED_AUTOS = YES_AGGRESSIVE;
				GCC_WARN_UNUSED_FUNCTION = YES;
				GCC_WARN_UNUSED_VARIABLE = YES;
				IPHONEOS_DEPLOYMENT_TARGET = 11.3;
				MTL_ENABLE_DEBUG_INFO = YES;
				ONLY_ACTIVE_ARCH = YES;
				SDKROOT = iphoneos;
				SWIFT_ACTIVE_COMPILATION_CONDITIONS = DEBUG;
				SWIFT_OPTIMIZATION_LEVEL = "-Onone";
			};
			name = Debug;
		};
		C46F0A392088522900B93F50 /* Release */ = {
			isa = XCBuildConfiguration;
			buildSettings = {
				ALWAYS_SEARCH_USER_PATHS = NO;
				CLANG_ANALYZER_NONNULL = YES;
				CLANG_ANALYZER_NUMBER_OBJECT_CONVERSION = YES_AGGRESSIVE;
				CLANG_CXX_LANGUAGE_STANDARD = "gnu++14";
				CLANG_CXX_LIBRARY = "libc++";
				CLANG_ENABLE_MODULES = YES;
				CLANG_ENABLE_OBJC_ARC = YES;
				CLANG_ENABLE_OBJC_WEAK = YES;
				CLANG_WARN_BLOCK_CAPTURE_AUTORELEASING = YES;
				CLANG_WARN_BOOL_CONVERSION = YES;
				CLANG_WARN_COMMA = YES;
				CLANG_WARN_CONSTANT_CONVERSION = YES;
				CLANG_WARN_DEPRECATED_OBJC_IMPLEMENTATIONS = YES;
				CLANG_WARN_DIRECT_OBJC_ISA_USAGE = YES_ERROR;
				CLANG_WARN_DOCUMENTATION_COMMENTS = YES;
				CLANG_WARN_EMPTY_BODY = YES;
				CLANG_WARN_ENUM_CONVERSION = YES;
				CLANG_WARN_INFINITE_RECURSION = YES;
				CLANG_WARN_INT_CONVERSION = YES;
				CLANG_WARN_NON_LITERAL_NULL_CONVERSION = YES;
				CLANG_WARN_OBJC_IMPLICIT_RETAIN_SELF = YES;
				CLANG_WARN_OBJC_LITERAL_CONVERSION = YES;
				CLANG_WARN_OBJC_ROOT_CLASS = YES_ERROR;
				CLANG_WARN_RANGE_LOOP_ANALYSIS = YES;
				CLANG_WARN_STRICT_PROTOTYPES = YES;
				CLANG_WARN_SUSPICIOUS_MOVE = YES;
				CLANG_WARN_UNGUARDED_AVAILABILITY = YES_AGGRESSIVE;
				CLANG_WARN_UNREACHABLE_CODE = YES;
				CLANG_WARN__DUPLICATE_METHOD_MATCH = YES;
				CODE_SIGN_IDENTITY = "iPhone Developer";
				COPY_PHASE_STRIP = NO;
				DEBUG_INFORMATION_FORMAT = "dwarf-with-dsym";
				ENABLE_NS_ASSERTIONS = NO;
				ENABLE_STRICT_OBJC_MSGSEND = YES;
				GCC_C_LANGUAGE_STANDARD = gnu11;
				GCC_NO_COMMON_BLOCKS = YES;
				GCC_WARN_64_TO_32_BIT_CONVERSION = YES;
				GCC_WARN_ABOUT_RETURN_TYPE = YES_ERROR;
				GCC_WARN_UNDECLARED_SELECTOR = YES;
				GCC_WARN_UNINITIALIZED_AUTOS = YES_AGGRESSIVE;
				GCC_WARN_UNUSED_FUNCTION = YES;
				GCC_WARN_UNUSED_VARIABLE = YES;
				IPHONEOS_DEPLOYMENT_TARGET = 11.3;
				MTL_ENABLE_DEBUG_INFO = NO;
				SDKROOT = iphoneos;
				SWIFT_COMPILATION_MODE = wholemodule;
				SWIFT_OPTIMIZATION_LEVEL = "-O";
				VALIDATE_PRODUCT = YES;
			};
			name = Release;
		};
		C46F0A3B2088522900B93F50 /* Debug */ = {
			isa = XCBuildConfiguration;
			buildSettings = {
				ASSETCATALOG_COMPILER_APPICON_NAME = AppIcon;
				CODE_SIGN_STYLE = Automatic;
				INFOPLIST_FILE = Pinball_Maker_Final/Info.plist;
				LD_RUNPATH_SEARCH_PATHS = (
					"$(inherited)",
					"@executable_path/Frameworks",
				);
				PRODUCT_BUNDLE_IDENTIFIER = "chasen.Pinball-Maker-Final";
				PRODUCT_NAME = "$(TARGET_NAME)";
				SWIFT_VERSION = 4.0;
				TARGETED_DEVICE_FAMILY = "1,2";
			};
			name = Debug;
		};
		C46F0A3C2088522900B93F50 /* Release */ = {
			isa = XCBuildConfiguration;
			buildSettings = {
				ASSETCATALOG_COMPILER_APPICON_NAME = AppIcon;
				CODE_SIGN_STYLE = Automatic;
				INFOPLIST_FILE = Pinball_Maker_Final/Info.plist;
				LD_RUNPATH_SEARCH_PATHS = (
					"$(inherited)",
					"@executable_path/Frameworks",
				);
				PRODUCT_BUNDLE_IDENTIFIER = "chasen.Pinball-Maker-Final";
				PRODUCT_NAME = "$(TARGET_NAME)";
				SWIFT_VERSION = 4.0;
				TARGETED_DEVICE_FAMILY = "1,2";
			};
			name = Release;
		};
/* End XCBuildConfiguration section */

/* Begin XCConfigurationList section */
		C46F0A232088522800B93F50 /* Build configuration list for PBXProject "Pinball_Maker_Final" */ = {
			isa = XCConfigurationList;
			buildConfigurations = (
				C46F0A382088522900B93F50 /* Debug */,
				C46F0A392088522900B93F50 /* Release */,
			);
			defaultConfigurationIsVisible = 0;
			defaultConfigurationName = Release;
		};
		C46F0A3A2088522900B93F50 /* Build configuration list for PBXNativeTarget "Pinball_Maker_Final" */ = {
			isa = XCConfigurationList;
			buildConfigurations = (
				C46F0A3B2088522900B93F50 /* Debug */,
				C46F0A3C2088522900B93F50 /* Release */,
			);
			defaultConfigurationIsVisible = 0;
			defaultConfigurationName = Release;
		};
/* End XCConfigurationList section */
	};
	rootObject = C46F0A202088522800B93F50 /* Project object */;
}
